
Microsoft Visual Studio Solution File, Format Version 12.00
# Visual Studio Version 16
VisualStudioVersion = 16.0.31321.278
MinimumVisualStudioVersion = 10.0.40219.1
Project("{2150E333-8FDC-42A3-9474-1A3956D46DE8}") = "Services", "Services", "{445EA9DF-5857-4E43-820D-12F054E1D59D}"
EndProject
Project("{E53339B2-1760-4266-BCC7-CA923CBCF16C}") = "docker-compose", "docker-compose.dcproj", "{8D95123D-B685-4056-85C4-1735D4D3D32F}"
EndProject
Project("{2150E333-8FDC-42A3-9474-1A3956D46DE8}") = "Basket.API", "Basket.API", "{2B6DEF68-112B-4253-97FB-52A573426025}"
EndProject
Project("{9A19103F-16F7-4668-BE54-9A1E7A4F7556}") = "Basket.API", "Services\Basket.API\Basket.API\Basket.API.csproj", "{C9A39AA8-8FCA-4F85-8402-95696E900229}"
EndProject
Project("{2150E333-8FDC-42A3-9474-1A3956D46DE8}") = "Catalog.API", "Catalog.API", "{DAA04E95-7B93-4D80-882F-2D865CD0B1FF}"
EndProject
Project("{9A19103F-16F7-4668-BE54-9A1E7A4F7556}") = "Catalog.API", "Services\Catalog.API\Catalog.API.csproj", "{C9C2D0A6-3042-4018-A418-78F140A79700}"
EndProject
Project("{2150E333-8FDC-42A3-9474-1A3956D46DE8}") = "Discount.API", "Discount.API", "{8DB9233B-21C5-47B5-BFAF-6C6B70840450}"
EndProject
Project("{9A19103F-16F7-4668-BE54-9A1E7A4F7556}") = "Discount.API", "Services\Discount.API\Discount.API\Discount.API.csproj", "{82E6DD67-B73F-4FE0-A3F9-75A5B4C076C8}"
EndProject
Project("{9A19103F-16F7-4668-BE54-9A1E7A4F7556}") = "Discount.Grpc", "Services\Discount.API\Discount.Grpc\Discount.Grpc.csproj", "{E0E524C1-80B6-4B75-BA37-342BC3CC5737}"
EndProject
Project("{2150E333-8FDC-42A3-9474-1A3956D46DE8}") = "Order.API", "Order.API", "{77938DC3-2A3D-4440-BB62-FDB7B571B925}"
EndProject
Project("{9A19103F-16F7-4668-BE54-9A1E7A4F7556}") = "Order.API", "Services\Order.API\Order.API\Order.API.csproj", "{C09384C8-86C2-47F5-9339-A2B4C964E8A5}"
EndProject
Project("{FAE04EC0-301F-11D3-BF4B-00C04F79EFBC}") = "Order.Domain", "Services\Order.API\Order.Domain\Order.Domain.csproj", "{5283729E-8F62-4232-BDEB-2E94E646A913}"
EndProject
Project("{FAE04EC0-301F-11D3-BF4B-00C04F79EFBC}") = "Order.Application", "Services\Order.API\Order.Application\Order.Application.csproj", "{30B0053C-CA57-4D74-9515-07E4A46CA9BA}"
EndProject
Project("{FAE04EC0-301F-11D3-BF4B-00C04F79EFBC}") = "Order.Infrastructure", "Services\Order.API\Order.Infrastructure\Order.Infrastructure.csproj", "{C90E96C7-EFA8-402A-9146-5EC217B43D32}"
EndProject
Global
	GlobalSection(SolutionConfigurationPlatforms) = preSolution
		Debug|Any CPU = Debug|Any CPU
		Release|Any CPU = Release|Any CPU
	EndGlobalSection
	GlobalSection(ProjectConfigurationPlatforms) = postSolution
		{8D95123D-B685-4056-85C4-1735D4D3D32F}.Debug|Any CPU.ActiveCfg = Debug|Any CPU
		{8D95123D-B685-4056-85C4-1735D4D3D32F}.Debug|Any CPU.Build.0 = Debug|Any CPU
		{8D95123D-B685-4056-85C4-1735D4D3D32F}.Release|Any CPU.ActiveCfg = Release|Any CPU
		{8D95123D-B685-4056-85C4-1735D4D3D32F}.Release|Any CPU.Build.0 = Release|Any CPU
		{C9A39AA8-8FCA-4F85-8402-95696E900229}.Debug|Any CPU.ActiveCfg = Debug|Any CPU
		{C9A39AA8-8FCA-4F85-8402-95696E900229}.Debug|Any CPU.Build.0 = Debug|Any CPU
		{C9A39AA8-8FCA-4F85-8402-95696E900229}.Release|Any CPU.ActiveCfg = Release|Any CPU
		{C9A39AA8-8FCA-4F85-8402-95696E900229}.Release|Any CPU.Build.0 = Release|Any CPU
		{C9C2D0A6-3042-4018-A418-78F140A79700}.Debug|Any CPU.ActiveCfg = Debug|Any CPU
		{C9C2D0A6-3042-4018-A418-78F140A79700}.Debug|Any CPU.Build.0 = Debug|Any CPU
		{C9C2D0A6-3042-4018-A418-78F140A79700}.Release|Any CPU.ActiveCfg = Release|Any CPU
		{C9C2D0A6-3042-4018-A418-78F140A79700}.Release|Any CPU.Build.0 = Release|Any CPU
		{82E6DD67-B73F-4FE0-A3F9-75A5B4C076C8}.Debug|Any CPU.ActiveCfg = Debug|Any CPU
		{82E6DD67-B73F-4FE0-A3F9-75A5B4C076C8}.Debug|Any CPU.Build.0 = Debug|Any CPU
		{82E6DD67-B73F-4FE0-A3F9-75A5B4C076C8}.Release|Any CPU.ActiveCfg = Release|Any CPU
		{82E6DD67-B73F-4FE0-A3F9-75A5B4C076C8}.Release|Any CPU.Build.0 = Release|Any CPU
		{E0E524C1-80B6-4B75-BA37-342BC3CC5737}.Debug|Any CPU.ActiveCfg = Debug|Any CPU
		{E0E524C1-80B6-4B75-BA37-342BC3CC5737}.Debug|Any CPU.Build.0 = Debug|Any CPU
		{E0E524C1-80B6-4B75-BA37-342BC3CC5737}.Release|Any CPU.ActiveCfg = Release|Any CPU
		{E0E524C1-80B6-4B75-BA37-342BC3CC5737}.Release|Any CPU.Build.0 = Release|Any CPU
		{C09384C8-86C2-47F5-9339-A2B4C964E8A5}.Debug|Any CPU.ActiveCfg = Debug|Any CPU
		{C09384C8-86C2-47F5-9339-A2B4C964E8A5}.Debug|Any CPU.Build.0 = Debug|Any CPU
		{C09384C8-86C2-47F5-9339-A2B4C964E8A5}.Release|Any CPU.ActiveCfg = Release|Any CPU
		{C09384C8-86C2-47F5-9339-A2B4C964E8A5}.Release|Any CPU.Build.0 = Release|Any CPU
		{5283729E-8F62-4232-BDEB-2E94E646A913}.Debug|Any CPU.ActiveCfg = Debug|Any CPU
		{5283729E-8F62-4232-BDEB-2E94E646A913}.Debug|Any CPU.Build.0 = Debug|Any CPU
		{5283729E-8F62-4232-BDEB-2E94E646A913}.Release|Any CPU.ActiveCfg = Release|Any CPU
		{5283729E-8F62-4232-BDEB-2E94E646A913}.Release|Any CPU.Build.0 = Release|Any CPU
		{30B0053C-CA57-4D74-9515-07E4A46CA9BA}.Debug|Any CPU.ActiveCfg = Debug|Any CPU
		{30B0053C-CA57-4D74-9515-07E4A46CA9BA}.Debug|Any CPU.Build.0 = Debug|Any CPU
		{30B0053C-CA57-4D74-9515-07E4A46CA9BA}.Release|Any CPU.ActiveCfg = Release|Any CPU
		{30B0053C-CA57-4D74-9515-07E4A46CA9BA}.Release|Any CPU.Build.0 = Release|Any CPU
		{C90E96C7-EFA8-402A-9146-5EC217B43D32}.Debug|Any CPU.ActiveCfg = Debug|Any CPU
		{C90E96C7-EFA8-402A-9146-5EC217B43D32}.Debug|Any CPU.Build.0 = Debug|Any CPU
		{C90E96C7-EFA8-402A-9146-5EC217B43D32}.Release|Any CPU.ActiveCfg = Release|Any CPU
		{C90E96C7-EFA8-402A-9146-5EC217B43D32}.Release|Any CPU.Build.0 = Release|Any CPU
	EndGlobalSection
	GlobalSection(SolutionProperties) = preSolution
		HideSolutionNode = FALSE
	EndGlobalSection
	GlobalSection(NestedProjects) = preSolution
		{2B6DEF68-112B-4253-97FB-52A573426025} = {445EA9DF-5857-4E43-820D-12F054E1D59D}
		{C9A39AA8-8FCA-4F85-8402-95696E900229} = {2B6DEF68-112B-4253-97FB-52A573426025}
		{DAA04E95-7B93-4D80-882F-2D865CD0B1FF} = {445EA9DF-5857-4E43-820D-12F054E1D59D}
		{C9C2D0A6-3042-4018-A418-78F140A79700} = {DAA04E95-7B93-4D80-882F-2D865CD0B1FF}
		{8DB9233B-21C5-47B5-BFAF-6C6B70840450} = {445EA9DF-5857-4E43-820D-12F054E1D59D}
		{82E6DD67-B73F-4FE0-A3F9-75A5B4C076C8} = {8DB9233B-21C5-47B5-BFAF-6C6B70840450}
		{E0E524C1-80B6-4B75-BA37-342BC3CC5737} = {8DB9233B-21C5-47B5-BFAF-6C6B70840450}
		{77938DC3-2A3D-4440-BB62-FDB7B571B925} = {445EA9DF-5857-4E43-820D-12F054E1D59D}
		{C09384C8-86C2-47F5-9339-A2B4C964E8A5} = {77938DC3-2A3D-4440-BB62-FDB7B571B925}
		{5283729E-8F62-4232-BDEB-2E94E646A913} = {77938DC3-2A3D-4440-BB62-FDB7B571B925}
		{30B0053C-CA57-4D74-9515-07E4A46CA9BA} = {77938DC3-2A3D-4440-BB62-FDB7B571B925}
		{C90E96C7-EFA8-402A-9146-5EC217B43D32} = {77938DC3-2A3D-4440-BB62-FDB7B571B925}
	EndGlobalSection
	GlobalSection(ExtensibilityGlobals) = postSolution
		SolutionGuid = {0CDE2DFD-1796-470C-B476-AB767D3DD21B}
	EndGlobalSection
EndGlobal
